// !$*UTF8*$!
{
	archiveVersion = 1;
	classes = {
	};
	objectVersion = 77;
	objects = {

/* Begin PBXContainerItemProxy section */
		35BA2D542F11D33300EEE02C /* PBXContainerItemProxy */ = {
			isa = PBXContainerItemProxy;
			containerPortal = 35BA2D3C2F11D33200EEE02C /* Project object */;
			proxyType = 1;
			remoteGlobalIDString = 35BA2D432F11D33200EEE02C;
			remoteInfo = workouttracker;
		};
		35BA2D5E2F11D33300EEE02C /* PBXContainerItemProxy */ = {
			isa = PBXContainerItemProxy;
			containerPortal = 35BA2D3C2F11D33200EEE02C /* Project object */;
			proxyType = 1;
			remoteGlobalIDString = 35BA2D432F11D33200EEE02C;
			remoteInfo = workouttracker;
		};
/* End PBXContainerItemProxy section */

/* Begin PBXFileReference section */
		350B85372F232D7900E7C785 /* workouttracker.xctestplan */ = {isa = PBXFileReference; lastKnownFileType = text; path = workouttracker.xctestplan; sourceTree = "<group>"; };
		350B861C2F25BE6B00E7C785 /* workouttrackerUITests.xctestplan */ = {isa = PBXFileReference; lastKnownFileType = text; path = workouttrackerUITests.xctestplan; sourceTree = "<group>"; };
		35BA2D442F11D33200EEE02C /* workouttracker.app */ = {isa = PBXFileReference; explicitFileType = wrapper.application; includeInIndex = 0; path = workouttracker.app; sourceTree = BUILT_PRODUCTS_DIR; };
		35BA2D532F11D33300EEE02C /* workouttrackerTests.xctest */ = {isa = PBXFileReference; explicitFileType = wrapper.cfbundle; includeInIndex = 0; path = workouttrackerTests.xctest; sourceTree = BUILT_PRODUCTS_DIR; };
		35BA2D5D2F11D33300EEE02C /* workouttrackerUITests.xctest */ = {isa = PBXFileReference; explicitFileType = wrapper.cfbundle; includeInIndex = 0; path = workouttrackerUITests.xctest; sourceTree = BUILT_PRODUCTS_DIR; };
/* End PBXFileReference section */

/* Begin PBXFileSystemSynchronizedRootGroup section */
		35BA2D462F11D33200EEE02C /* workouttracker */ = {
			isa = PBXFileSystemSynchronizedRootGroup;
			path = workouttracker;
			sourceTree = "<group>";
		};
		35BA2D562F11D33300EEE02C /* workouttrackerTests */ = {
			isa = PBXFileSystemSynchronizedRootGroup;
			path = workouttrackerTests;
			sourceTree = "<group>";
		};
		35BA2D602F11D33300EEE02C /* workouttrackerUITests */ = {
			isa = PBXFileSystemSynchronizedRootGroup;
			path = workouttrackerUITests;
			sourceTree = "<group>";
		};
/* End PBXFileSystemSynchronizedRootGroup section */

/* Begin PBXFrameworksBuildPhase section */
		35BA2D412F11D33200EEE02C /* Frameworks */ = {
			isa = PBXFrameworksBuildPhase;
			buildActionMask = 2147483647;
			files = (
			);
			runOnlyForDeploymentPostprocessing = 0;
		};
		35BA2D502F11D33300EEE02C /* Frameworks */ = {
			isa = PBXFrameworksBuildPhase;
			buildActionMask = 2147483647;
			files = (
			);
			runOnlyForDeploymentPostprocessing = 0;
		};
		35BA2D5A2F11D33300EEE02C /* Frameworks */ = {
			isa = PBXFrameworksBuildPhase;
			buildActionMask = 2147483647;
			files = (
			);
			runOnlyForDeploymentPostprocessing = 0;
		};
/* End PBXFrameworksBuildPhase section */

/* Begin PBXGroup section */
		35BA2D3B2F11D33200EEE02C = {
			isa = PBXGroup;
			children = (
				350B861C2F25BE6B00E7C785 /* workouttrackerUITests.xctestplan */,
				350B85372F232D7900E7C785 /* workouttracker.xctestplan */,
				35BA2D462F11D33200EEE02C /* workouttracker */,
				35BA2D562F11D33300EEE02C /* workouttrackerTests */,
				35BA2D602F11D33300EEE02C /* workouttrackerUITests */,
				35BA2D452F11D33200EEE02C /* Products */,
			);
			sourceTree = "<group>";
		};
		35BA2D452F11D33200EEE02C /* Products */ = {
			isa = PBXGroup;
			children = (
				35BA2D442F11D33200EEE02C /* workouttracker.app */,
				35BA2D532F11D33300EEE02C /* workouttrackerTests.xctest */,
				35BA2D5D2F11D33300EEE02C /* workouttrackerUITests.xctest */,
			);
			name = Products;
			sourceTree = "<group>";
		};
/* End PBXGroup section */

/* Begin PBXNativeTarget section */
		35BA2D432F11D33200EEE02C /* workouttracker */ = {
			isa = PBXNativeTarget;
			buildConfigurationList = 35BA2D672F11D33300EEE02C /* Build configuration list for PBXNativeTarget "workouttracker" */;
			buildPhases = (
				35BA2D402F11D33200EEE02C /* Sources */,
				35BA2D412F11D33200EEE02C /* Frameworks */,
				35BA2D422F11D33200EEE02C /* Resources */,
			);
			buildRules = (
			);
			dependencies = (
			);
			fileSystemSynchronizedGroups = (
				35BA2D462F11D33200EEE02C /* workouttracker */,
			);
			name = workouttracker;
			packageProductDependencies = (
			);
			productName = workouttracker;
			productReference = 35BA2D442F11D33200EEE02C /* workouttracker.app */;
			productType = "com.apple.product-type.application";
		};
		35BA2D522F11D33300EEE02C /* workouttrackerTests */ = {
			isa = PBXNativeTarget;
			buildConfigurationList = 35BA2D6A2F11D33300EEE02C /* Build configuration list for PBXNativeTarget "workouttrackerTests" */;
			buildPhases = (
				35BA2D4F2F11D33300EEE02C /* Sources */,
				35BA2D502F11D33300EEE02C /* Frameworks */,
				35BA2D512F11D33300EEE02C /* Resources */,
			);
			buildRules = (
			);
			dependencies = (
				35BA2D552F11D33300EEE02C /* PBXTargetDependency */,
			);
			fileSystemSynchronizedGroups = (
				35BA2D562F11D33300EEE02C /* workouttrackerTests */,
			);
			name = workouttrackerTests;
			packageProductDependencies = (
			);
			productName = workouttrackerTests;
			productReference = 35BA2D532F11D33300EEE02C /* workouttrackerTests.xctest */;
			productType = "com.apple.product-type.bundle.unit-test";
		};
		35BA2D5C2F11D33300EEE02C /* workouttrackerUITests */ = {
			isa = PBXNativeTarget;
			buildConfigurationList = 35BA2D6D2F11D33300EEE02C /* Build configuration list for PBXNativeTarget "workouttrackerUITests" */;
			buildPhases = (
				35BA2D592F11D33300EEE02C /* Sources */,
				35BA2D5A2F11D33300EEE02C /* Frameworks */,
				35BA2D5B2F11D33300EEE02C /* Resources */,
			);
			buildRules = (
			);
			dependencies = (
				35BA2D5F2F11D33300EEE02C /* PBXTargetDependency */,
			);
			fileSystemSynchronizedGroups = (
				35BA2D602F11D33300EEE02C /* workouttrackerUITests */,
			);
			name = workouttrackerUITests;
			packageProductDependencies = (
			);
			productName = workouttrackerUITests;
			productReference = 35BA2D5D2F11D33300EEE02C /* workouttrackerUITests.xctest */;
			productType = "com.apple.product-type.bundle.ui-testing";
		};
/* End PBXNativeTarget section */

/* Begin PBXProject section */
		35BA2D3C2F11D33200EEE02C /* Project object */ = {
			isa = PBXProject;
			attributes = {
				BuildIndependentTargetsInParallel = 1;
				LastSwiftUpdateCheck = 2620;
				LastUpgradeCheck = 2620;
				TargetAttributes = {
					35BA2D432F11D33200EEE02C = {
						CreatedOnToolsVersion = 26.2;
					};
					35BA2D522F11D33300EEE02C = {
						CreatedOnToolsVersion = 26.2;
						TestTargetID = 35BA2D432F11D33200EEE02C;
					};
					35BA2D5C2F11D33300EEE02C = {
						CreatedOnToolsVersion = 26.2;
						TestTargetID = 35BA2D432F11D33200EEE02C;
					};
				};
			};
			buildConfigurationList = 35BA2D3F2F11D33200EEE02C /* Build configuration list for PBXProject "workouttracker" */;
			developmentRegion = en;
			hasScannedForEncodings = 0;
			knownRegions = (
				en,
				Base,
			);
			mainGroup = 35BA2D3B2F11D33200EEE02C;
			minimizedProjectReferenceProxies = 1;
			preferredProjectObjectVersion = 77;
			productRefGroup = 35BA2D452F11D33200EEE02C /* Products */;
			projectDirPath = "";
			projectRoot = "";
			targets = (
				35BA2D432F11D33200EEE02C /* workouttracker */,
				35BA2D522F11D33300EEE02C /* workouttrackerTests */,
				35BA2D5C2F11D33300EEE02C /* workouttrackerUITests */,
			);
		};
/* End PBXProject section */

/* Begin PBXResourcesBuildPhase section */
		35BA2D422F11D33200EEE02C /* Resources */ = {
			isa = PBXResourcesBuildPhase;
			buildActionMask = 2147483647;
			files = (
			);
			runOnlyForDeploymentPostprocessing = 0;
		};
		35BA2D512F11D33300EEE02C /* Resources */ = {
			isa = PBXResourcesBuildPhase;
			buildActionMask = 2147483647;
			files = (
			);
			runOnlyForDeploymentPostprocessing = 0;
		};
		35BA2D5B2F11D33300EEE02C /* Resources */ = {
			isa = PBXResourcesBuildPhase;
			buildActionMask = 2147483647;
			files = (
			);
			runOnlyForDeploymentPostprocessing = 0;
		};
/* End PBXResourcesBuildPhase section */

/* Begin PBXSourcesBuildPhase section */
		35BA2D402F11D33200EEE02C /* Sources */ = {
			isa = PBXSourcesBuildPhase;
			buildActionMask = 2147483647;
			files = (
			);
			runOnlyForDeploymentPostprocessing = 0;
		};
		35BA2D4F2F11D33300EEE02C /* Sources */ = {
			isa = PBXSourcesBuildPhase;
			buildActionMask = 2147483647;
			files = (
			);
			runOnlyForDeploymentPostprocessing = 0;
		};
		35BA2D592F11D33300EEE02C /* Sources */ = {
			isa = PBXSourcesBuildPhase;
			buildActionMask = 2147483647;
			files = (
			);
			runOnlyForDeploymentPostprocessing = 0;
		};
/* End PBXSourcesBuildPhase section */

/* Begin PBXTargetDependency section */
		35BA2D552F11D33300EEE02C /* PBXTargetDependency */ = {
			isa = PBXTargetDependency;
			target = 35BA2D432F11D33200EEE02C /* workouttracker */;
			targetProxy = 35BA2D542F11D33300EEE02C /* PBXContainerItemProxy */;
		};
		35BA2D5F2F11D33300EEE02C /* PBXTargetDependency */ = {
			isa = PBXTargetDependency;
			target = 35BA2D432F11D33200EEE02C /* workouttracker */;
			targetProxy = 35BA2D5E2F11D33300EEE02C /* PBXContainerItemProxy */;
		};
/* End PBXTargetDependency section */

/* Begin XCBuildConfiguration section */
		35BA2D652F11D33300EEE02C /* Debug */ = {
			isa = XCBuildConfiguration;
			buildSettings = {
				ALWAYS_SEARCH_USER_PATHS = NO;
				ASSETCATALOG_COMPILER_GENERATE_SWIFT_ASSET_SYMBOL_EXTENSIONS = YES;
				CLANG_ANALYZER_NONNULL = YES;
				CLANG_ANALYZER_NUMBER_OBJECT_CONVERSION = YES_AGGRESSIVE;
				CLANG_CXX_LANGUAGE_STANDARD = "gnu++20";
				CLANG_ENABLE_MODULES = YES;
				CLANG_ENABLE_OBJC_ARC = YES;
				CLANG_ENABLE_OBJC_WEAK = YES;
				CLANG_WARN_BLOCK_CAPTURE_AUTORELEASING = YES;
				CLANG_WARN_BOOL_CONVERSION = YES;
				CLANG_WARN_COMMA = YES;
				CLANG_WARN_CONSTANT_CONVERSION = YES;
				CLANG_WARN_DEPRECATED_OBJC_IMPLEMENTATIONS = YES;
				CLANG_WARN_DIRECT_OBJC_ISA_USAGE = YES_ERROR;
				CLANG_WARN_DOCUMENTATION_COMMENTS = YES;
				CLANG_WARN_EMPTY_BODY = YES;
				CLANG_WARN_ENUM_CONVERSION = YES;
				CLANG_WARN_INFINITE_RECURSION = YES;
				CLANG_WARN_INT_CONVERSION = YES;
				CLANG_WARN_NON_LITERAL_NULL_CONVERSION = YES;
				CLANG_WARN_OBJC_IMPLICIT_RETAIN_SELF = YES;
				CLANG_WARN_OBJC_LITERAL_CONVERSION = YES;
				CLANG_WARN_OBJC_ROOT_CLASS = YES_ERROR;
				CLANG_WARN_QUOTED_INCLUDE_IN_FRAMEWORK_HEADER = YES;
				CLANG_WARN_RANGE_LOOP_ANALYSIS = YES;
				CLANG_WARN_STRICT_PROTOTYPES = YES;
				CLANG_WARN_SUSPICIOUS_MOVE = YES;
				CLANG_WARN_UNGUARDED_AVAILABILITY = YES_AGGRESSIVE;
				CLANG_WARN_UNREACHABLE_CODE = YES;
				CLANG_WARN__DUPLICATE_METHOD_MATCH = YES;
				COPY_PHASE_STRIP = NO;
				DEBUG_INFORMATION_FORMAT = "dwarf-with-dsym";
				ENABLE_STRICT_OBJC_MSGSEND = YES;
				ENABLE_TESTABILITY = YES;
				ENABLE_USER_SCRIPT_SANDBOXING = YES;
				GCC_C_LANGUAGE_STANDARD = gnu17;
				GCC_DYNAMIC_NO_PIC = NO;
				GCC_NO_COMMON_BLOCKS = YES;
				GCC_OPTIMIZATION_LEVEL = 0;
				GCC_PREPROCESSOR_DEFINITIONS = (
					"DEBUG=1",
					"$(inherited)",
				);
				GCC_WARN_64_TO_32_BIT_CONVERSION = YES;
				GCC_WARN_ABOUT_RETURN_TYPE = YES_ERROR;
				GCC_WARN_UNDECLARED_SELECTOR = YES;
				GCC_WARN_UNINITIALIZED_AUTOS = YES_AGGRESSIVE;
				GCC_WARN_UNUSED_FUNCTION = YES;
				GCC_WARN_UNUSED_VARIABLE = YES;
				IPHONEOS_DEPLOYMENT_TARGET = 26.0;
				LOCALIZATION_PREFERS_STRING_CATALOGS = YES;
				MTL_ENABLE_DEBUG_INFO = INCLUDE_SOURCE;
				MTL_FAST_MATH = YES;
				ONLY_ACTIVE_ARCH = YES;
				SDKROOT = iphoneos;
				SWIFT_ACTIVE_COMPILATION_CONDITIONS = "DEBUG $(inherited)";
				SWIFT_OPTIMIZATION_LEVEL = "-Onone";
			};
			name = Debug;
		};
		35BA2D662F11D33300EEE02C /* Release */ = {
			isa = XCBuildConfiguration;
			buildSettings = {
				ALWAYS_SEARCH_USER_PATHS = NO;
				ASSETCATALOG_COMPILER_GENERATE_SWIFT_ASSET_SYMBOL_EXTENSIONS = YES;
				CLANG_ANALYZER_NONNULL = YES;
				CLANG_ANALYZER_NUMBER_OBJECT_CONVERSION = YES_AGGRESSIVE;
				CLANG_CXX_LANGUAGE_STANDARD = "gnu++20";
				CLANG_ENABLE_MODULES = YES;
				CLANG_ENABLE_OBJC_ARC = YES;
				CLANG_ENABLE_OBJC_WEAK = YES;
				CLANG_WARN_BLOCK_CAPTURE_AUTORELEASING = YES;
				CLANG_WARN_BOOL_CONVERSION = YES;
				CLANG_WARN_COMMA = YES;
				CLANG_WARN_CONSTANT_CONVERSION = YES;
				CLANG_WARN_DEPRECATED_OBJC_IMPLEMENTATIONS = YES;
				CLANG_WARN_DIRECT_OBJC_ISA_USAGE = YES_ERROR;
				CLANG_WARN_DOCUMENTATION_COMMENTS = YES;
				CLANG_WARN_EMPTY_BODY = YES;
				CLANG_WARN_ENUM_CONVERSION = YES;
				CLANG_WARN_INFINITE_RECURSION = YES;
				CLANG_WARN_INT_CONVERSION = YES;
				CLANG_WARN_NON_LITERAL_NULL_CONVERSION = YES;
				CLANG_WARN_OBJC_IMPLICIT_RETAIN_SELF = YES;
				CLANG_WARN_OBJC_LITERAL_CONVERSION = YES;
				CLANG_WARN_OBJC_ROOT_CLASS = YES_ERROR;
				CLANG_WARN_QUOTED_INCLUDE_IN_FRAMEWORK_HEADER = YES;
				CLANG_WARN_RANGE_LOOP_ANALYSIS = YES;
				CLANG_WARN_STRICT_PROTOTYPES = YES;
				CLANG_WARN_SUSPICIOUS_MOVE = YES;
				CLANG_WARN_UNGUARDED_AVAILABILITY = YES_AGGRESSIVE;
				CLANG_WARN_UNREACHABLE_CODE = YES;
				CLANG_WARN__DUPLICATE_METHOD_MATCH = YES;
				COPY_PHASE_STRIP = NO;
				DEBUG_INFORMATION_FORMAT = "dwarf-with-dsym";
				ENABLE_NS_ASSERTIONS = NO;
				ENABLE_STRICT_OBJC_MSGSEND = YES;
				ENABLE_USER_SCRIPT_SANDBOXING = YES;
				GCC_C_LANGUAGE_STANDARD = gnu17;
				GCC_NO_COMMON_BLOCKS = YES;
				GCC_WARN_64_TO_32_BIT_CONVERSION = YES;
				GCC_WARN_ABOUT_RETURN_TYPE = YES_ERROR;
				GCC_WARN_UNDECLARED_SELECTOR = YES;
				GCC_WARN_UNINITIALIZED_AUTOS = YES_AGGRESSIVE;
				GCC_WARN_UNUSED_FUNCTION = YES;
				GCC_WARN_UNUSED_VARIABLE = YES;
				IPHONEOS_DEPLOYMENT_TARGET = 26.0;
				LOCALIZATION_PREFERS_STRING_CATALOGS = YES;
				MTL_ENABLE_DEBUG_INFO = NO;
				MTL_FAST_MATH = YES;
				SDKROOT = iphoneos;
				SWIFT_COMPILATION_MODE = wholemodule;
				VALIDATE_PRODUCT = YES;
			};
			name = Release;
		};
		35BA2D682F11D33300EEE02C /* Debug */ = {
			isa = XCBuildConfiguration;
			buildSettings = {
				ASSETCATALOG_COMPILER_APPICON_NAME = AppIcon;
				ASSETCATALOG_COMPILER_GLOBAL_ACCENT_COLOR_NAME = AccentColor;
				CODE_SIGN_STYLE = Automatic;
				CURRENT_PROJECT_VERSION = 1;
				ENABLE_PREVIEWS = YES;
				GENERATE_INFOPLIST_FILE = YES;
				"INFOPLIST_KEY_CFBundleDisplayName[sdk=*]" = "Workout Tracker";
				INFOPLIST_KEY_UIApplicationSceneManifest_Generation = YES;
				INFOPLIST_KEY_UIApplicationSupportsIndirectInputEvents = YES;
				INFOPLIST_KEY_UILaunchScreen_Generation = YES;
				INFOPLIST_KEY_UISupportedInterfaceOrientations_iPad = "UIInterfaceOrientationPortrait UIInterfaceOrientationPortraitUpsideDown UIInterfaceOrientationLandscapeLeft UIInterfaceOrientationLandscapeRight";
				INFOPLIST_KEY_UISupportedInterfaceOrientations_iPhone = "UIInterfaceOrientationPortrait UIInterfaceOrientationLandscapeLeft UIInterfaceOrientationLandscapeRight";
				LD_RUNPATH_SEARCH_PATHS = (
					"$(inherited)",
					"@executable_path/Frameworks",
				);
				MARKETING_VERSION = 1.0;
				PRODUCT_BUNDLE_IDENTIFIER = garaged.org.workouttracker;
				PRODUCT_NAME = "$(TARGET_NAME)";
				STRING_CATALOG_GENERATE_SYMBOLS = YES;
				SWIFT_APPROACHABLE_CONCURRENCY = YES;
				SWIFT_DEFAULT_ACTOR_ISOLATION = nonisolated;
				SWIFT_EMIT_LOC_STRINGS = YES;
				SWIFT_UPCOMING_FEATURE_MEMBER_IMPORT_VISIBILITY = YES;
				SWIFT_VERSION = 5.0;
				TARGETED_DEVICE_FAMILY = "1,2";
			};
			name = Debug;
		};
		35BA2D692F11D33300EEE02C /* Release */ = {
			isa = XCBuildConfiguration;
			buildSettings = {
				ASSETCATALOG_COMPILER_APPICON_NAME = AppIcon;
				ASSETCATALOG_COMPILER_GLOBAL_ACCENT_COLOR_NAME = AccentColor;
				CODE_SIGN_STYLE = Automatic;
				CURRENT_PROJECT_VERSION = 1;
				ENABLE_PREVIEWS = YES;
				GENERATE_INFOPLIST_FILE = YES;
				"INFOPLIST_KEY_CFBundleDisplayName[sdk=*]" = "Workout Tracker";
				INFOPLIST_KEY_UIApplicationSceneManifest_Generation = YES;
				INFOPLIST_KEY_UIApplicationSupportsIndirectInputEvents = YES;
				INFOPLIST_KEY_UILaunchScreen_Generation = YES;
				INFOPLIST_KEY_UISupportedInterfaceOrientations_iPad = "UIInterfaceOrientationPortrait UIInterfaceOrientationPortraitUpsideDown UIInterfaceOrientationLandscapeLeft UIInterfaceOrientationLandscapeRight";
				INFOPLIST_KEY_UISupportedInterfaceOrientations_iPhone = "UIInterfaceOrientationPortrait UIInterfaceOrientationLandscapeLeft UIInterfaceOrientationLandscapeRight";
				LD_RUNPATH_SEARCH_PATHS = (
					"$(inherited)",
					"@executable_path/Frameworks",
				);
				MARKETING_VERSION = 1.0;
				PRODUCT_BUNDLE_IDENTIFIER = garaged.org.workouttracker;
				PRODUCT_NAME = "$(TARGET_NAME)";
				STRING_CATALOG_GENERATE_SYMBOLS = YES;
				SWIFT_APPROACHABLE_CONCURRENCY = YES;
				SWIFT_DEFAULT_ACTOR_ISOLATION = nonisolated;
				SWIFT_EMIT_LOC_STRINGS = YES;
				SWIFT_UPCOMING_FEATURE_MEMBER_IMPORT_VISIBILITY = YES;
				SWIFT_VERSION = 5.0;
				TARGETED_DEVICE_FAMILY = "1,2";
			};
			name = Release;
		};
		35BA2D6B2F11D33300EEE02C /* Debug */ = {
			isa = XCBuildConfiguration;
			buildSettings = {
				BUNDLE_LOADER = "$(TEST_HOST)";
				CODE_SIGN_STYLE = Automatic;
				CURRENT_PROJECT_VERSION = 1;
				GENERATE_INFOPLIST_FILE = YES;
				IPHONEOS_DEPLOYMENT_TARGET = 26.2;
				MARKETING_VERSION = 1.0;
				PRODUCT_BUNDLE_IDENTIFIER = garaged.org.workouttrackerTests;
				PRODUCT_NAME = "$(TARGET_NAME)";
				STRING_CATALOG_GENERATE_SYMBOLS = NO;
				SWIFT_APPROACHABLE_CONCURRENCY = YES;
				SWIFT_EMIT_LOC_STRINGS = NO;
				SWIFT_UPCOMING_FEATURE_MEMBER_IMPORT_VISIBILITY = YES;
				SWIFT_VERSION = 5.0;
				TARGETED_DEVICE_FAMILY = "1,2";
				TEST_HOST = "$(BUILT_PRODUCTS_DIR)/workouttracker.app/$(BUNDLE_EXECUTABLE_FOLDER_PATH)/workouttracker";
			};
			name = Debug;
		};
		35BA2D6C2F11D33300EEE02C /* Release */ = {
			isa = XCBuildConfiguration;
			buildSettings = {
				BUNDLE_LOADER = "$(TEST_HOST)";
				CODE_SIGN_STYLE = Automatic;
				CURRENT_PROJECT_VERSION = 1;
				GENERATE_INFOPLIST_FILE = YES;
				IPHONEOS_DEPLOYMENT_TARGET = 26.2;
				MARKETING_VERSION = 1.0;
				PRODUCT_BUNDLE_IDENTIFIER = garaged.org.workouttrackerTests;
				PRODUCT_NAME = "$(TARGET_NAME)";
				STRING_CATALOG_GENERATE_SYMBOLS = NO;
				SWIFT_APPROACHABLE_CONCURRENCY = YES;
				SWIFT_EMIT_LOC_STRINGS = NO;
				SWIFT_UPCOMING_FEATURE_MEMBER_IMPORT_VISIBILITY = YES;
				SWIFT_VERSION = 5.0;
				TARGETED_DEVICE_FAMILY = "1,2";
				TEST_HOST = "$(BUILT_PRODUCTS_DIR)/workouttracker.app/$(BUNDLE_EXECUTABLE_FOLDER_PATH)/workouttracker";
			};
			name = Release;
		};
		35BA2D6E2F11D33300EEE02C /* Debug */ = {
			isa = XCBuildConfiguration;
			buildSettings = {
				CODE_SIGN_STYLE = Automatic;
				CURRENT_PROJECT_VERSION = 1;
				GENERATE_INFOPLIST_FILE = YES;
				MARKETING_VERSION = 1.0;
				PRODUCT_BUNDLE_IDENTIFIER = garaged.org.workouttrackerUITests;
				PRODUCT_NAME = "$(TARGET_NAME)";
				STRING_CATALOG_GENERATE_SYMBOLS = NO;
				SWIFT_APPROACHABLE_CONCURRENCY = YES;
				SWIFT_EMIT_LOC_STRINGS = NO;
				SWIFT_UPCOMING_FEATURE_MEMBER_IMPORT_VISIBILITY = YES;
				SWIFT_VERSION = 5.0;
				TARGETED_DEVICE_FAMILY = "1,2";
				TEST_TARGET_NAME = workouttracker;
			};
			name = Debug;
		};
		35BA2D6F2F11D33300EEE02C /* Release */ = {
			isa = XCBuildConfiguration;
			buildSettings = {
				CODE_SIGN_STYLE = Automatic;
				CURRENT_PROJECT_VERSION = 1;
				GENERATE_INFOPLIST_FILE = YES;
				MARKETING_VERSION = 1.0;
				PRODUCT_BUNDLE_IDENTIFIER = garaged.org.workouttrackerUITests;
				PRODUCT_NAME = "$(TARGET_NAME)";
				STRING_CATALOG_GENERATE_SYMBOLS = NO;
				SWIFT_APPROACHABLE_CONCURRENCY = YES;
				SWIFT_EMIT_LOC_STRINGS = NO;
				SWIFT_UPCOMING_FEATURE_MEMBER_IMPORT_VISIBILITY = YES;
				SWIFT_VERSION = 5.0;
				TARGETED_DEVICE_FAMILY = "1,2";
				TEST_TARGET_NAME = workouttracker;
			};
			name = Release;
		};
/* End XCBuildConfiguration section */

/* Begin XCConfigurationList section */
		35BA2D3F2F11D33200EEE02C /* Build configuration list for PBXProject "workouttracker" */ = {
			isa = XCConfigurationList;
			buildConfigurations = (
				35BA2D652F11D33300EEE02C /* Debug */,
				35BA2D662F11D33300EEE02C /* Release */,
			);
			defaultConfigurationIsVisible = 0;
			defaultConfigurationName = Release;
		};
		35BA2D672F11D33300EEE02C /* Build configuration list for PBXNativeTarget "workouttracker" */ = {
			isa = XCConfigurationList;
			buildConfigurations = (
				35BA2D682F11D33300EEE02C /* Debug */,
				35BA2D692F11D33300EEE02C /* Release */,
			);
			defaultConfigurationIsVisible = 0;
			defaultConfigurationName = Release;
		};
		35BA2D6A2F11D33300EEE02C /* Build configuration list for PBXNativeTarget "workouttrackerTests" */ = {
			isa = XCConfigurationList;
			buildConfigurations = (
				35BA2D6B2F11D33300EEE02C /* Debug */,
				35BA2D6C2F11D33300EEE02C /* Release */,
			);
			defaultConfigurationIsVisible = 0;
			defaultConfigurationName = Release;
		};
		35BA2D6D2F11D33300EEE02C /* Build configuration list for PBXNativeTarget "workouttrackerUITests" */ = {
			isa = XCConfigurationList;
			buildConfigurations = (
				35BA2D6E2F11D33300EEE02C /* Debug */,
				35BA2D6F2F11D33300EEE02C /* Release */,
			);
			defaultConfigurationIsVisible = 0;
			defaultConfigurationName = Release;
		};
/* End XCConfigurationList section */
	};
	rootObject = 35BA2D3C2F11D33200EEE02C /* Project object */;
}
