// !$*UTF8*$!
{
	archiveVersion = 1;
	classes = {
	};
	objectVersion = 77;
	objects = {

/* Begin PBXBuildFile section */
		3528FBE12F722D600076B574 /* ZIPFoundation in Frameworks */ = {isa = PBXBuildFile; productRef = 3528FBE02F722D600076B574 /* ZIPFoundation */; };
		35A4C0842F5E174900F30117 /* watchkitapp Watch App.app in Embed Watch Content */ = {isa = PBXBuildFile; fileRef = 35A4C07A2F5E174800F30117 /* watchkitapp Watch App.app */; settings = {ATTRIBUTES = (RemoveHeadersOnCopy, ); }; };
		35F8F98A2F721A71001EFDC1 /* ZIPFoundation in Frameworks */ = {isa = PBXBuildFile; productRef = 35F8F9892F721A71001EFDC1 /* ZIPFoundation */; };
		35F8F98C2F721A87001EFDC1 /* ZIPFoundation in Frameworks */ = {isa = PBXBuildFile; productRef = 35F8F98B2F721A87001EFDC1 /* ZIPFoundation */; };
		36A0A0012F90000100AAA001 /* workouttrackerWidgets.appex in Embed App Extensions */ = {isa = PBXBuildFile; fileRef = 36A0A0022F90000100AAA001 /* workouttrackerWidgets.appex */; settings = {ATTRIBUTES = (RemoveHeadersOnCopy, ); }; };
/* End PBXBuildFile section */

/* Begin PBXContainerItemProxy section */
		35A4C0822F5E174900F30117 /* PBXContainerItemProxy */ = {
			isa = PBXContainerItemProxy;
			containerPortal = 35BA2D3C2F11D33200EEE02C /* Project object */;
			proxyType = 1;
			remoteGlobalIDString = 35A4C0792F5E174800F30117;
			remoteInfo = "watchkitapp Watch App";
		};
		35BA2D542F11D33300EEE02C /* PBXContainerItemProxy */ = {
			isa = PBXContainerItemProxy;
			containerPortal = 35BA2D3C2F11D33200EEE02C /* Project object */;
			proxyType = 1;
			remoteGlobalIDString = 35BA2D432F11D33200EEE02C;
			remoteInfo = workouttracker;
		};
		35BA2D5E2F11D33300EEE02C /* PBXContainerItemProxy */ = {
			isa = PBXContainerItemProxy;
			containerPortal = 35BA2D3C2F11D33200EEE02C /* Project object */;
			proxyType = 1;
			remoteGlobalIDString = 35BA2D432F11D33200EEE02C;
			remoteInfo = workouttracker;
		};
		35D84C382F3CCB60000BEFC0 /* PBXContainerItemProxy */ = {
			isa = PBXContainerItemProxy;
			containerPortal = 35BA2D3C2F11D33200EEE02C /* Project object */;
			proxyType = 1;
			remoteGlobalIDString = 35D84B842F3C2BCE000BEFC0;
			remoteInfo = workouttrackerUITestHost;
		};
		36A0A00C2F90000100AAA001 /* PBXContainerItemProxy */ = {
			isa = PBXContainerItemProxy;
			containerPortal = 35BA2D3C2F11D33200EEE02C /* Project object */;
			proxyType = 1;
			remoteGlobalIDString = 36A0A0042F90000100AAA001;
			remoteInfo = workouttrackerWidgets;
		};
/* End PBXContainerItemProxy section */

/* Begin PBXCopyFilesBuildPhase section */
		3555D42C2F56616E0014C9CB /* CopyFiles */ = {
			isa = PBXCopyFilesBuildPhase;
			buildActionMask = 2147483647;
			dstPath = Watch;
			dstSubfolderSpec = 1;
			files = (
			);
			runOnlyForDeploymentPostprocessing = 0;
		};
		35A4C0882F5E174900F30117 /* Embed Watch Content */ = {
			isa = PBXCopyFilesBuildPhase;
			buildActionMask = 2147483647;
			dstPath = "$(CONTENTS_FOLDER_PATH)/Watch";
			dstSubfolderSpec = 16;
			files = (
				35A4C0842F5E174900F30117 /* watchkitapp Watch App.app in Embed Watch Content */,
			);
			name = "Embed Watch Content";
			runOnlyForDeploymentPostprocessing = 0;
		};
		36A0A0082F90000100AAA001 /* Embed App Extensions */ = {
			isa = PBXCopyFilesBuildPhase;
			buildActionMask = 2147483647;
			dstPath = "";
			dstSubfolderSpec = 13;
			files = (
				36A0A0012F90000100AAA001 /* workouttrackerWidgets.appex in Embed App Extensions */,
			);
			name = "Embed App Extensions";
			runOnlyForDeploymentPostprocessing = 0;
		};
/* End PBXCopyFilesBuildPhase section */

/* Begin PBXFileReference section */
		350B85372F232D7900E7C785 /* workouttrackerTest.xctestplan */ = {isa = PBXFileReference; lastKnownFileType = text; path = workouttrackerTest.xctestplan; sourceTree = "<group>"; };
		350B861C2F25BE6B00E7C785 /* workouttrackerUITests.xctestplan */ = {isa = PBXFileReference; lastKnownFileType = text; path = workouttrackerUITests.xctestplan; sourceTree = "<group>"; };
		35A4C07A2F5E174800F30117 /* watchkitapp Watch App.app */ = {isa = PBXFileReference; explicitFileType = wrapper.application; includeInIndex = 0; path = "watchkitapp Watch App.app"; sourceTree = BUILT_PRODUCTS_DIR; };
		35BA2D442F11D33200EEE02C /* workouttracker.app */ = {isa = PBXFileReference; explicitFileType = wrapper.application; includeInIndex = 0; path = workouttracker.app; sourceTree = BUILT_PRODUCTS_DIR; };
		35BA2D532F11D33300EEE02C /* workouttrackerTests.xctest */ = {isa = PBXFileReference; explicitFileType = wrapper.cfbundle; includeInIndex = 0; path = workouttrackerTests.xctest; sourceTree = BUILT_PRODUCTS_DIR; };
		35BA2D5D2F11D33300EEE02C /* workouttrackerUITests.xctest */ = {isa = PBXFileReference; explicitFileType = wrapper.cfbundle; includeInIndex = 0; path = workouttrackerUITests.xctest; sourceTree = BUILT_PRODUCTS_DIR; };
		35D84B852F3C2BCE000BEFC0 /* workouttrackerUITestHost.app */ = {isa = PBXFileReference; explicitFileType = wrapper.application; includeInIndex = 0; path = workouttrackerUITestHost.app; sourceTree = BUILT_PRODUCTS_DIR; };
		36A0A0022F90000100AAA001 /* workouttrackerWidgets.appex */ = {isa = PBXFileReference; explicitFileType = "wrapper.app-extension"; includeInIndex = 0; path = workouttrackerWidgets.appex; sourceTree = BUILT_PRODUCTS_DIR; };
/* End PBXFileReference section */

/* Begin PBXFileSystemSynchronizedBuildFileExceptionSet section */
		353429C72F47E79400FFEE78 /* Exceptions for "workouttracker" folder in "workouttracker" target */ = {
			isa = PBXFileSystemSynchronizedBuildFileExceptionSet;
			membershipExceptions = (
				App/Seed/seed_v1.json,
				Info.plist,
			);
			target = 35BA2D432F11D33200EEE02C /* workouttracker */;
		};
		354CE5BC2F60FD7B00D12FB3 /* Exceptions for "workouttracker" folder in "watchkitapp Watch App" target */ = {
			isa = PBXFileSystemSynchronizedBuildFileExceptionSet;
			membershipExceptions = (
				Services/Watch/WatchMessages.swift,
			);
			target = 35A4C0792F5E174800F30117 /* watchkitapp Watch App */;
		};
		3560E1A12F7AE52A00C77A24 /* Exceptions for "workouttrackerWidgets" folder in "workouttrackerWidgets" target */ = {
			isa = PBXFileSystemSynchronizedBuildFileExceptionSet;
			membershipExceptions = (
				Info.plist,
			);
			target = 36A0A0042F90000100AAA001 /* workouttrackerWidgets */;
		};
		35D84C342F3CCA92000BEFC0 /* Exceptions for "workouttracker" folder in "workouttrackerUITestHost" target */ = {
			isa = PBXFileSystemSynchronizedBuildFileExceptionSet;
			membershipExceptions = (
				App/Seed/seed_v1.json,
				App/workouttrackerApp.swift,
				Info.plist,
				Resources/program_catalog.json,
				Services/Watch/WatchConnectivityService.swift,
				Services/Watch/WatchMessages.swift,
				Services/Watch/WorkoutRemoteControlRouter.swift,
			);
			target = 35D84B842F3C2BCE000BEFC0 /* workouttrackerUITestHost */;
		};
		35D84C362F3CCABC000BEFC0 /* Exceptions for "workouttrackerUITestHost" folder in "workouttrackerUITestHost" target */ = {
			isa = PBXFileSystemSynchronizedBuildFileExceptionSet;
			membershipExceptions = (
				"Services/Watch/WorkoutRemoteControlRouter+UITestHost.swift",
				UITestHostRootView.swift,
				workouttrackerUITestHostApp.swift,
			);
			target = 35D84B842F3C2BCE000BEFC0 /* workouttrackerUITestHost */;
		};
/* End PBXFileSystemSynchronizedBuildFileExceptionSet section */

/* Begin PBXFileSystemSynchronizedRootGroup section */
		35A4C07B2F5E174800F30117 /* watchkitapp Watch App */ = {
			isa = PBXFileSystemSynchronizedRootGroup;
			path = "watchkitapp Watch App";
			sourceTree = "<group>";
		};
		35BA2D462F11D33200EEE02C /* workouttracker */ = {
			isa = PBXFileSystemSynchronizedRootGroup;
			exceptions = (
				353429C72F47E79400FFEE78 /* Exceptions for "workouttracker" folder in "workouttracker" target */,
				35D84C342F3CCA92000BEFC0 /* Exceptions for "workouttracker" folder in "workouttrackerUITestHost" target */,
				354CE5BC2F60FD7B00D12FB3 /* Exceptions for "workouttracker" folder in "watchkitapp Watch App" target */,
			);
			path = workouttracker;
			sourceTree = "<group>";
		};
		35BA2D562F11D33300EEE02C /* workouttrackerTests */ = {
			isa = PBXFileSystemSynchronizedRootGroup;
			path = workouttrackerTests;
			sourceTree = "<group>";
		};
		35BA2D602F11D33300EEE02C /* workouttrackerUITests */ = {
			isa = PBXFileSystemSynchronizedRootGroup;
			path = workouttrackerUITests;
			sourceTree = "<group>";
		};
		35D84B2E2F32EB85000BEFC0 /* workouttrackerUITestHost */ = {
			isa = PBXFileSystemSynchronizedRootGroup;
			exceptions = (
				35D84C362F3CCABC000BEFC0 /* Exceptions for "workouttrackerUITestHost" folder in "workouttrackerUITestHost" target */,
			);
			path = workouttrackerUITestHost;
			sourceTree = "<group>";
		};
		36A0A0032F90000100AAA001 /* workouttrackerWidgets */ = {
			isa = PBXFileSystemSynchronizedRootGroup;
			exceptions = (
				3560E1A12F7AE52A00C77A24 /* Exceptions for "workouttrackerWidgets" folder in "workouttrackerWidgets" target */,
			);
			path = workouttrackerWidgets;
			sourceTree = "<group>";
		};
/* End PBXFileSystemSynchronizedRootGroup section */

/* Begin PBXFrameworksBuildPhase section */
		35A4C0772F5E174800F30117 /* Frameworks */ = {
			isa = PBXFrameworksBuildPhase;
			buildActionMask = 2147483647;
			files = (
			);
			runOnlyForDeploymentPostprocessing = 0;
		};
		35BA2D412F11D33200EEE02C /* Frameworks */ = {
			isa = PBXFrameworksBuildPhase;
			buildActionMask = 2147483647;
			files = (
				35F8F98C2F721A87001EFDC1 /* ZIPFoundation in Frameworks */,
			);
			runOnlyForDeploymentPostprocessing = 0;
		};
		35BA2D502F11D33300EEE02C /* Frameworks */ = {
			isa = PBXFrameworksBuildPhase;
			buildActionMask = 2147483647;
			files = (
			);
			runOnlyForDeploymentPostprocessing = 0;
		};
		35BA2D5A2F11D33300EEE02C /* Frameworks */ = {
			isa = PBXFrameworksBuildPhase;
			buildActionMask = 2147483647;
			files = (
				35F8F98A2F721A71001EFDC1 /* ZIPFoundation in Frameworks */,
			);
			runOnlyForDeploymentPostprocessing = 0;
		};
		35D84B822F3C2BCE000BEFC0 /* Frameworks */ = {
			isa = PBXFrameworksBuildPhase;
			buildActionMask = 2147483647;
			files = (
				3528FBE12F722D600076B574 /* ZIPFoundation in Frameworks */,
			);
			runOnlyForDeploymentPostprocessing = 0;
		};
		36A0A0062F90000100AAA001 /* Frameworks */ = {
			isa = PBXFrameworksBuildPhase;
			buildActionMask = 2147483647;
			files = (
			);
			runOnlyForDeploymentPostprocessing = 0;
		};
/* End PBXFrameworksBuildPhase section */

/* Begin PBXGroup section */
		35BA2D3B2F11D33200EEE02C = {
			isa = PBXGroup;
			children = (
				350B861C2F25BE6B00E7C785 /* workouttrackerUITests.xctestplan */,
				350B85372F232D7900E7C785 /* workouttrackerTest.xctestplan */,
				35BA2D462F11D33200EEE02C /* workouttracker */,
				35BA2D562F11D33300EEE02C /* workouttrackerTests */,
				35BA2D602F11D33300EEE02C /* workouttrackerUITests */,
				35D84B2E2F32EB85000BEFC0 /* workouttrackerUITestHost */,
				36A0A0032F90000100AAA001 /* workouttrackerWidgets */,
				35A4C07B2F5E174800F30117 /* watchkitapp Watch App */,
				35F8F9882F721A71001EFDC1 /* Frameworks */,
				35BA2D452F11D33200EEE02C /* Products */,
			);
			sourceTree = "<group>";
		};
		35BA2D452F11D33200EEE02C /* Products */ = {
			isa = PBXGroup;
			children = (
				35BA2D442F11D33200EEE02C /* workouttracker.app */,
				35BA2D532F11D33300EEE02C /* workouttrackerTests.xctest */,
				35BA2D5D2F11D33300EEE02C /* workouttrackerUITests.xctest */,
				35D84B852F3C2BCE000BEFC0 /* workouttrackerUITestHost.app */,
				35A4C07A2F5E174800F30117 /* watchkitapp Watch App.app */,
				36A0A0022F90000100AAA001 /* workouttrackerWidgets.appex */,
			);
			name = Products;
			sourceTree = "<group>";
		};
		35F8F9882F721A71001EFDC1 /* Frameworks */ = {
			isa = PBXGroup;
			children = (
			);
			name = Frameworks;
			sourceTree = "<group>";
		};
/* End PBXGroup section */

/* Begin PBXNativeTarget section */
		35A4C0792F5E174800F30117 /* watchkitapp Watch App */ = {
			isa = PBXNativeTarget;
			buildConfigurationList = 35A4C0852F5E174900F30117 /* Build configuration list for PBXNativeTarget "watchkitapp Watch App" */;
			buildPhases = (
				35A4C0762F5E174800F30117 /* Sources */,
				35A4C0772F5E174800F30117 /* Frameworks */,
				35A4C0782F5E174800F30117 /* Resources */,
			);
			buildRules = (
			);
			dependencies = (
			);
			fileSystemSynchronizedGroups = (
				35A4C07B2F5E174800F30117 /* watchkitapp Watch App */,
			);
			name = "watchkitapp Watch App";
			packageProductDependencies = (
			);
			productName = "watchkitapp Watch App";
			productReference = 35A4C07A2F5E174800F30117 /* watchkitapp Watch App.app */;
			productType = "com.apple.product-type.application";
		};
		35BA2D432F11D33200EEE02C /* workouttracker */ = {
			isa = PBXNativeTarget;
			buildConfigurationList = 35BA2D672F11D33300EEE02C /* Build configuration list for PBXNativeTarget "workouttracker" */;
			buildPhases = (
				35BA2D402F11D33200EEE02C /* Sources */,
				35BA2D412F11D33200EEE02C /* Frameworks */,
				35BA2D422F11D33200EEE02C /* Resources */,
				3555D42C2F56616E0014C9CB /* CopyFiles */,
				36A0A0082F90000100AAA001 /* Embed App Extensions */,
				35A4C0882F5E174900F30117 /* Embed Watch Content */,
			);
			buildRules = (
			);
			dependencies = (
				35A4C0832F5E174900F30117 /* PBXTargetDependency */,
				36A0A00D2F90000100AAA001 /* PBXTargetDependency */,
			);
			fileSystemSynchronizedGroups = (
				35BA2D462F11D33200EEE02C /* workouttracker */,
			);
			name = workouttracker;
			packageProductDependencies = (
				35F8F98B2F721A87001EFDC1 /* ZIPFoundation */,
			);
			productName = workouttracker;
			productReference = 35BA2D442F11D33200EEE02C /* workouttracker.app */;
			productType = "com.apple.product-type.application";
		};
		35BA2D522F11D33300EEE02C /* workouttrackerTests */ = {
			isa = PBXNativeTarget;
			buildConfigurationList = 35BA2D6A2F11D33300EEE02C /* Build configuration list for PBXNativeTarget "workouttrackerTests" */;
			buildPhases = (
				35BA2D4F2F11D33300EEE02C /* Sources */,
				35BA2D502F11D33300EEE02C /* Frameworks */,
				35BA2D512F11D33300EEE02C /* Resources */,
			);
			buildRules = (
			);
			dependencies = (
				35BA2D552F11D33300EEE02C /* PBXTargetDependency */,
			);
			fileSystemSynchronizedGroups = (
				35BA2D562F11D33300EEE02C /* workouttrackerTests */,
			);
			name = workouttrackerTests;
			packageProductDependencies = (
			);
			productName = workouttrackerTests;
			productReference = 35BA2D532F11D33300EEE02C /* workouttrackerTests.xctest */;
			productType = "com.apple.product-type.bundle.unit-test";
		};
		35BA2D5C2F11D33300EEE02C /* workouttrackerUITests */ = {
			isa = PBXNativeTarget;
			buildConfigurationList = 35BA2D6D2F11D33300EEE02C /* Build configuration list for PBXNativeTarget "workouttrackerUITests" */;
			buildPhases = (
				35BA2D592F11D33300EEE02C /* Sources */,
				35BA2D5A2F11D33300EEE02C /* Frameworks */,
				35BA2D5B2F11D33300EEE02C /* Resources */,
			);
			buildRules = (
			);
			dependencies = (
				35BA2D5F2F11D33300EEE02C /* PBXTargetDependency */,
				35D84C392F3CCB60000BEFC0 /* PBXTargetDependency */,
			);
			fileSystemSynchronizedGroups = (
				35BA2D602F11D33300EEE02C /* workouttrackerUITests */,
			);
			name = workouttrackerUITests;
			packageProductDependencies = (
				35F8F9892F721A71001EFDC1 /* ZIPFoundation */,
			);
			productName = workouttrackerUITests;
			productReference = 35BA2D5D2F11D33300EEE02C /* workouttrackerUITests.xctest */;
			productType = "com.apple.product-type.bundle.ui-testing";
		};
		35D84B842F3C2BCE000BEFC0 /* workouttrackerUITestHost */ = {
			isa = PBXNativeTarget;
			buildConfigurationList = 35D84BA52F3C2BD0000BEFC0 /* Build configuration list for PBXNativeTarget "workouttrackerUITestHost" */;
			buildPhases = (
				35D84B812F3C2BCE000BEFC0 /* Sources */,
				35D84B822F3C2BCE000BEFC0 /* Frameworks */,
				35D84B832F3C2BCE000BEFC0 /* Resources */,
			);
			buildRules = (
			);
			dependencies = (
			);
			fileSystemSynchronizedGroups = (
				35BA2D462F11D33200EEE02C /* workouttracker */,
			);
			name = workouttrackerUITestHost;
			packageProductDependencies = (
				3528FBE02F722D600076B574 /* ZIPFoundation */,
			);
			productName = workouttrackerUITestHost;
			productReference = 35D84B852F3C2BCE000BEFC0 /* workouttrackerUITestHost.app */;
			productType = "com.apple.product-type.application";
		};
		36A0A0042F90000100AAA001 /* workouttrackerWidgets */ = {
			isa = PBXNativeTarget;
			buildConfigurationList = 36A0A00B2F90000100AAA001 /* Build configuration list for PBXNativeTarget "workouttrackerWidgets" */;
			buildPhases = (
				36A0A0052F90000100AAA001 /* Sources */,
				36A0A0062F90000100AAA001 /* Frameworks */,
				36A0A0072F90000100AAA001 /* Resources */,
			);
			buildRules = (
			);
			dependencies = (
			);
			fileSystemSynchronizedGroups = (
				36A0A0032F90000100AAA001 /* workouttrackerWidgets */,
			);
			name = workouttrackerWidgets;
			packageProductDependencies = (
			);
			productName = workouttrackerWidgets;
			productReference = 36A0A0022F90000100AAA001 /* workouttrackerWidgets.appex */;
			productType = "com.apple.product-type.app-extension";
		};
/* End PBXNativeTarget section */

/* Begin PBXProject section */
		35BA2D3C2F11D33200EEE02C /* Project object */ = {
			isa = PBXProject;
			attributes = {
				BuildIndependentTargetsInParallel = 1;
				LastSwiftUpdateCheck = 2630;
				LastUpgradeCheck = 2630;
				TargetAttributes = {
					35A4C0792F5E174800F30117 = {
						CreatedOnToolsVersion = 26.3;
					};
					35BA2D432F11D33200EEE02C = {
						CreatedOnToolsVersion = 26.2;
					};
					35BA2D522F11D33300EEE02C = {
						CreatedOnToolsVersion = 26.2;
						TestTargetID = 35BA2D432F11D33200EEE02C;
					};
					35BA2D5C2F11D33300EEE02C = {
						CreatedOnToolsVersion = 26.2;
						TestTargetID = 35D84B842F3C2BCE000BEFC0;
					};
					35D84B842F3C2BCE000BEFC0 = {
						CreatedOnToolsVersion = 26.2;
					};
				};
			};
			buildConfigurationList = 35BA2D3F2F11D33200EEE02C /* Build configuration list for PBXProject "workouttracker" */;
			developmentRegion = en;
			hasScannedForEncodings = 0;
			knownRegions = (
				en,
				Base,
			);
			mainGroup = 35BA2D3B2F11D33200EEE02C;
			minimizedProjectReferenceProxies = 1;
			packageReferences = (
				35D849C32F2F239B000BEFC0 /* XCRemoteSwiftPackageReference "ZIPFoundation" */,
			);
			preferredProjectObjectVersion = 77;
			productRefGroup = 35BA2D452F11D33200EEE02C /* Products */;
			projectDirPath = "";
			projectRoot = "";
			targets = (
				35BA2D432F11D33200EEE02C /* workouttracker */,
				35BA2D522F11D33300EEE02C /* workouttrackerTests */,
				35BA2D5C2F11D33300EEE02C /* workouttrackerUITests */,
				35D84B842F3C2BCE000BEFC0 /* workouttrackerUITestHost */,
				35A4C0792F5E174800F30117 /* watchkitapp Watch App */,
				36A0A0042F90000100AAA001 /* workouttrackerWidgets */,
			);
		};
/* End PBXProject section */

/* Begin PBXResourcesBuildPhase section */
		35A4C0782F5E174800F30117 /* Resources */ = {
			isa = PBXResourcesBuildPhase;
			buildActionMask = 2147483647;
			files = (
			);
			runOnlyForDeploymentPostprocessing = 0;
		};
		35BA2D422F11D33200EEE02C /* Resources */ = {
			isa = PBXResourcesBuildPhase;
			buildActionMask = 2147483647;
			files = (
			);
			runOnlyForDeploymentPostprocessing = 0;
		};
		35BA2D512F11D33300EEE02C /* Resources */ = {
			isa = PBXResourcesBuildPhase;
			buildActionMask = 2147483647;
			files = (
			);
			runOnlyForDeploymentPostprocessing = 0;
		};
		35BA2D5B2F11D33300EEE02C /* Resources */ = {
			isa = PBXResourcesBuildPhase;
			buildActionMask = 2147483647;
			files = (
			);
			runOnlyForDeploymentPostprocessing = 0;
		};
		35D84B832F3C2BCE000BEFC0 /* Resources */ = {
			isa = PBXResourcesBuildPhase;
			buildActionMask = 2147483647;
			files = (
			);
			runOnlyForDeploymentPostprocessing = 0;
		};
		36A0A0072F90000100AAA001 /* Resources */ = {
			isa = PBXResourcesBuildPhase;
			buildActionMask = 2147483647;
			files = (
			);
			runOnlyForDeploymentPostprocessing = 0;
		};
/* End PBXResourcesBuildPhase section */

/* Begin PBXSourcesBuildPhase section */
		35A4C0762F5E174800F30117 /* Sources */ = {
			isa = PBXSourcesBuildPhase;
			buildActionMask = 2147483647;
			files = (
			);
			runOnlyForDeploymentPostprocessing = 0;
		};
		35BA2D402F11D33200EEE02C /* Sources */ = {
			isa = PBXSourcesBuildPhase;
			buildActionMask = 2147483647;
			files = (
			);
			runOnlyForDeploymentPostprocessing = 0;
		};
		35BA2D4F2F11D33300EEE02C /* Sources */ = {
			isa = PBXSourcesBuildPhase;
			buildActionMask = 2147483647;
			files = (
			);
			runOnlyForDeploymentPostprocessing = 0;
		};
		35BA2D592F11D33300EEE02C /* Sources */ = {
			isa = PBXSourcesBuildPhase;
			buildActionMask = 2147483647;
			files = (
			);
			runOnlyForDeploymentPostprocessing = 0;
		};
		35D84B812F3C2BCE000BEFC0 /* Sources */ = {
			isa = PBXSourcesBuildPhase;
			buildActionMask = 2147483647;
			files = (
			);
			runOnlyForDeploymentPostprocessing = 0;
		};
		36A0A0052F90000100AAA001 /* Sources */ = {
			isa = PBXSourcesBuildPhase;
			buildActionMask = 2147483647;
			files = (
			);
			runOnlyForDeploymentPostprocessing = 0;
		};
/* End PBXSourcesBuildPhase section */

/* Begin PBXTargetDependency section */
		35A4C0832F5E174900F30117 /* PBXTargetDependency */ = {
			isa = PBXTargetDependency;
			target = 35A4C0792F5E174800F30117 /* watchkitapp Watch App */;
			targetProxy = 35A4C0822F5E174900F30117 /* PBXContainerItemProxy */;
		};
		35BA2D552F11D33300EEE02C /* PBXTargetDependency */ = {
			isa = PBXTargetDependency;
			target = 35BA2D432F11D33200EEE02C /* workouttracker */;
			targetProxy = 35BA2D542F11D33300EEE02C /* PBXContainerItemProxy */;
		};
		35BA2D5F2F11D33300EEE02C /* PBXTargetDependency */ = {
			isa = PBXTargetDependency;
			target = 35BA2D432F11D33200EEE02C /* workouttracker */;
			targetProxy = 35BA2D5E2F11D33300EEE02C /* PBXContainerItemProxy */;
		};
		35D84C392F3CCB60000BEFC0 /* PBXTargetDependency */ = {
			isa = PBXTargetDependency;
			target = 35D84B842F3C2BCE000BEFC0 /* workouttrackerUITestHost */;
			targetProxy = 35D84C382F3CCB60000BEFC0 /* PBXContainerItemProxy */;
		};
		36A0A00D2F90000100AAA001 /* PBXTargetDependency */ = {
			isa = PBXTargetDependency;
			target = 36A0A0042F90000100AAA001 /* workouttrackerWidgets */;
			targetProxy = 36A0A00C2F90000100AAA001 /* PBXContainerItemProxy */;
		};
/* End PBXTargetDependency section */

/* Begin XCBuildConfiguration section */
		35A4C0862F5E174900F30117 /* Debug */ = {
			isa = XCBuildConfiguration;
			buildSettings = {
				ASSETCATALOG_COMPILER_APPICON_NAME = AppIcon;
				ASSETCATALOG_COMPILER_GLOBAL_ACCENT_COLOR_NAME = AccentColor;
				CODE_SIGN_STYLE = Automatic;
				CURRENT_PROJECT_VERSION = 1;
				DEBUG_INFORMATION_FORMAT = dwarf;
				DEVELOPMENT_TEAM = T3CCJTUTJ5;
				ENABLE_PREVIEWS = YES;
				GENERATE_INFOPLIST_FILE = YES;
				INFOPLIST_KEY_CFBundleDisplayName = "Workout Tracker Watch";
				INFOPLIST_KEY_UISupportedInterfaceOrientations = "UIInterfaceOrientationPortrait UIInterfaceOrientationPortraitUpsideDown";
				INFOPLIST_KEY_WKApplication = YES;
				INFOPLIST_KEY_WKCompanionAppBundleIdentifier = garaged.org.workouttracker;
				LD_RUNPATH_SEARCH_PATHS = (
					"$(inherited)",
					"@executable_path/Frameworks",
				);
				MARKETING_VERSION = 2.1.0;
				PRODUCT_BUNDLE_IDENTIFIER = garaged.org.workouttracker.watchkitapp;
				PRODUCT_NAME = "$(TARGET_NAME)";
				RESOURCES_TARGETED_DEVICE_FAMILY = 4;
				SDKROOT = watchos;
				SKIP_INSTALL = YES;
				STRING_CATALOG_GENERATE_SYMBOLS = YES;
				SWIFT_APPROACHABLE_CONCURRENCY = YES;
				SWIFT_DEFAULT_ACTOR_ISOLATION = MainActor;
				SWIFT_EMIT_LOC_STRINGS = YES;
				SWIFT_UPCOMING_FEATURE_MEMBER_IMPORT_VISIBILITY = YES;
				SWIFT_VERSION = 5.0;
				TARGETED_DEVICE_FAMILY = 4;
				WATCHOS_DEPLOYMENT_TARGET = 26.2;
			};
			name = Debug;
		};
		35A4C0872F5E174900F30117 /* Release */ = {
			isa = XCBuildConfiguration;
			buildSettings = {
				ASSETCATALOG_COMPILER_APPICON_NAME = AppIcon;
				ASSETCATALOG_COMPILER_GLOBAL_ACCENT_COLOR_NAME = AccentColor;
				CODE_SIGN_STYLE = Automatic;
				CURRENT_PROJECT_VERSION = 1;
				DEVELOPMENT_TEAM = T3CCJTUTJ5;
				ENABLE_PREVIEWS = YES;
				GENERATE_INFOPLIST_FILE = YES;
				INFOPLIST_KEY_CFBundleDisplayName = "Workout Tracker Watch";
				INFOPLIST_KEY_UISupportedInterfaceOrientations = "UIInterfaceOrientationPortrait UIInterfaceOrientationPortraitUpsideDown";
				INFOPLIST_KEY_WKApplication = YES;
				INFOPLIST_KEY_WKCompanionAppBundleIdentifier = garaged.org.workouttracker;
				LD_RUNPATH_SEARCH_PATHS = (
					"$(inherited)",
					"@executable_path/Frameworks",
				);
				MARKETING_VERSION = 2.1.0;
				PRODUCT_BUNDLE_IDENTIFIER = garaged.org.workouttracker.watchkitapp;
				PRODUCT_NAME = "$(TARGET_NAME)";
				RESOURCES_TARGETED_DEVICE_FAMILY = 4;
				SDKROOT = watchos;
				SKIP_INSTALL = YES;
				STRING_CATALOG_GENERATE_SYMBOLS = YES;
				SWIFT_APPROACHABLE_CONCURRENCY = YES;
				SWIFT_DEFAULT_ACTOR_ISOLATION = MainActor;
				SWIFT_EMIT_LOC_STRINGS = YES;
				SWIFT_UPCOMING_FEATURE_MEMBER_IMPORT_VISIBILITY = YES;
				SWIFT_VERSION = 5.0;
				TARGETED_DEVICE_FAMILY = 4;
				WATCHOS_DEPLOYMENT_TARGET = 26.2;
			};
			name = Release;
		};
		35BA2D652F11D33300EEE02C /* Debug */ = {
			isa = XCBuildConfiguration;
			buildSettings = {
				ALWAYS_SEARCH_USER_PATHS = NO;
				ASSETCATALOG_COMPILER_GENERATE_SWIFT_ASSET_SYMBOL_EXTENSIONS = YES;
				CLANG_ANALYZER_NONNULL = YES;
				CLANG_ANALYZER_NUMBER_OBJECT_CONVERSION = YES_AGGRESSIVE;
				CLANG_CXX_LANGUAGE_STANDARD = "gnu++20";
				CLANG_ENABLE_MODULES = YES;
				CLANG_ENABLE_OBJC_ARC = YES;
				CLANG_ENABLE_OBJC_WEAK = YES;
				CLANG_WARN_BLOCK_CAPTURE_AUTORELEASING = YES;
				CLANG_WARN_BOOL_CONVERSION = YES;
				CLANG_WARN_COMMA = YES;
				CLANG_WARN_CONSTANT_CONVERSION = YES;
				CLANG_WARN_DEPRECATED_OBJC_IMPLEMENTATIONS = YES;
				CLANG_WARN_DIRECT_OBJC_ISA_USAGE = YES_ERROR;
				CLANG_WARN_DOCUMENTATION_COMMENTS = YES;
				CLANG_WARN_EMPTY_BODY = YES;
				CLANG_WARN_ENUM_CONVERSION = YES;
				CLANG_WARN_INFINITE_RECURSION = YES;
				CLANG_WARN_INT_CONVERSION = YES;
				CLANG_WARN_NON_LITERAL_NULL_CONVERSION = YES;
				CLANG_WARN_OBJC_IMPLICIT_RETAIN_SELF = YES;
				CLANG_WARN_OBJC_LITERAL_CONVERSION = YES;
				CLANG_WARN_OBJC_ROOT_CLASS = YES_ERROR;
				CLANG_WARN_QUOTED_INCLUDE_IN_FRAMEWORK_HEADER = YES;
				CLANG_WARN_RANGE_LOOP_ANALYSIS = YES;
				CLANG_WARN_STRICT_PROTOTYPES = YES;
				CLANG_WARN_SUSPICIOUS_MOVE = YES;
				CLANG_WARN_UNGUARDED_AVAILABILITY = YES_AGGRESSIVE;
				CLANG_WARN_UNREACHABLE_CODE = YES;
				CLANG_WARN__DUPLICATE_METHOD_MATCH = YES;
				COPY_PHASE_STRIP = NO;
				DEBUG_INFORMATION_FORMAT = "dwarf-with-dsym";
				ENABLE_STRICT_OBJC_MSGSEND = YES;
				ENABLE_TESTABILITY = YES;
				ENABLE_USER_SCRIPT_SANDBOXING = YES;
				GCC_C_LANGUAGE_STANDARD = gnu17;
				GCC_DYNAMIC_NO_PIC = NO;
				GCC_NO_COMMON_BLOCKS = YES;
				GCC_OPTIMIZATION_LEVEL = 0;
				GCC_PREPROCESSOR_DEFINITIONS = (
					"DEBUG=1",
					"$(inherited)",
				);
				GCC_WARN_64_TO_32_BIT_CONVERSION = YES;
				GCC_WARN_ABOUT_RETURN_TYPE = YES_ERROR;
				GCC_WARN_UNDECLARED_SELECTOR = YES;
				GCC_WARN_UNINITIALIZED_AUTOS = YES_AGGRESSIVE;
				GCC_WARN_UNUSED_FUNCTION = YES;
				GCC_WARN_UNUSED_LABEL = YES;
				GCC_WARN_UNUSED_PARAMETER = YES;
				GCC_WARN_UNUSED_VARIABLE = YES;
				GENERATE_INFOPLIST_FILE = NO;
				IPHONEOS_DEPLOYMENT_TARGET = 26.0;
				LD_WARN_UNUSED_DYLIBS = YES;
				LOCALIZATION_PREFERS_STRING_CATALOGS = YES;
				MTL_ENABLE_DEBUG_INFO = INCLUDE_SOURCE;
				MTL_FAST_MATH = YES;
				ONLY_ACTIVE_ARCH = YES;
				SDKROOT = iphoneos;
				STRING_CATALOG_GENERATE_SYMBOLS = YES;
				SWIFT_ACTIVE_COMPILATION_CONDITIONS = "DEBUG $(inherited)";
				SWIFT_OPTIMIZATION_LEVEL = "-Onone";
				"WARNING_CFLAGS[arch=*]" = (
					"-Wall",
					"-Wextra",
					"-Weverything",
				);
			};
			name = Debug;
		};
		35BA2D662F11D33300EEE02C /* Release */ = {
			isa = XCBuildConfiguration;
			buildSettings = {
				ALWAYS_SEARCH_USER_PATHS = NO;
				ASSETCATALOG_COMPILER_GENERATE_SWIFT_ASSET_SYMBOL_EXTENSIONS = YES;
				CLANG_ANALYZER_NONNULL = YES;
				CLANG_ANALYZER_NUMBER_OBJECT_CONVERSION = YES_AGGRESSIVE;
				CLANG_CXX_LANGUAGE_STANDARD = "gnu++20";
				CLANG_ENABLE_MODULES = YES;
				CLANG_ENABLE_OBJC_ARC = YES;
				CLANG_ENABLE_OBJC_WEAK = YES;
				CLANG_WARN_BLOCK_CAPTURE_AUTORELEASING = YES;
				CLANG_WARN_BOOL_CONVERSION = YES;
				CLANG_WARN_COMMA = YES;
				CLANG_WARN_CONSTANT_CONVERSION = YES;
				CLANG_WARN_DEPRECATED_OBJC_IMPLEMENTATIONS = YES;
				CLANG_WARN_DIRECT_OBJC_ISA_USAGE = YES_ERROR;
				CLANG_WARN_DOCUMENTATION_COMMENTS = YES;
				CLANG_WARN_EMPTY_BODY = YES;
				CLANG_WARN_ENUM_CONVERSION = YES;
				CLANG_WARN_INFINITE_RECURSION = YES;
				CLANG_WARN_INT_CONVERSION = YES;
				CLANG_WARN_NON_LITERAL_NULL_CONVERSION = YES;
				CLANG_WARN_OBJC_IMPLICIT_RETAIN_SELF = YES;
				CLANG_WARN_OBJC_LITERAL_CONVERSION = YES;
				CLANG_WARN_OBJC_ROOT_CLASS = YES_ERROR;
				CLANG_WARN_QUOTED_INCLUDE_IN_FRAMEWORK_HEADER = YES;
				CLANG_WARN_RANGE_LOOP_ANALYSIS = YES;
				CLANG_WARN_STRICT_PROTOTYPES = YES;
				CLANG_WARN_SUSPICIOUS_MOVE = YES;
				CLANG_WARN_UNGUARDED_AVAILABILITY = YES_AGGRESSIVE;
				CLANG_WARN_UNREACHABLE_CODE = YES;
				CLANG_WARN__DUPLICATE_METHOD_MATCH = YES;
				COPY_PHASE_STRIP = NO;
				DEBUG_INFORMATION_FORMAT = "dwarf-with-dsym";
				ENABLE_NS_ASSERTIONS = NO;
				ENABLE_STRICT_OBJC_MSGSEND = YES;
				ENABLE_USER_SCRIPT_SANDBOXING = YES;
				GCC_C_LANGUAGE_STANDARD = gnu17;
				GCC_NO_COMMON_BLOCKS = YES;
				GCC_WARN_64_TO_32_BIT_CONVERSION = YES;
				GCC_WARN_ABOUT_RETURN_TYPE = YES_ERROR;
				GCC_WARN_UNDECLARED_SELECTOR = YES;
				GCC_WARN_UNINITIALIZED_AUTOS = YES_AGGRESSIVE;
				GCC_WARN_UNUSED_FUNCTION = YES;
				GCC_WARN_UNUSED_LABEL = YES;
				GCC_WARN_UNUSED_PARAMETER = YES;
				GCC_WARN_UNUSED_VARIABLE = YES;
				GENERATE_INFOPLIST_FILE = NO;
				IPHONEOS_DEPLOYMENT_TARGET = 26.0;
				LD_WARN_UNUSED_DYLIBS = YES;
				LOCALIZATION_PREFERS_STRING_CATALOGS = YES;
				MTL_ENABLE_DEBUG_INFO = NO;
				MTL_FAST_MATH = YES;
				SDKROOT = iphoneos;
				STRING_CATALOG_GENERATE_SYMBOLS = YES;
				SWIFT_COMPILATION_MODE = wholemodule;
				VALIDATE_PRODUCT = YES;
				"WARNING_CFLAGS[arch=*]" = (
					"-Wall",
					"-Wextra",
					"-Weverything",
				);
			};
			name = Release;
		};
		35BA2D682F11D33300EEE02C /* Debug */ = {
			isa = XCBuildConfiguration;
			buildSettings = {
				ASSETCATALOG_COMPILER_APPICON_NAME = AppIcon;
				ASSETCATALOG_COMPILER_GLOBAL_ACCENT_COLOR_NAME = AccentColor;
				ASSETCATALOG_COMPILER_INCLUDE_ALL_APPICON_ASSETS = YES;
				CODE_SIGN_ENTITLEMENTS = workouttracker/workouttracker.entitlements;
				CODE_SIGN_STYLE = Automatic;
				CURRENT_PROJECT_VERSION = 1;
				DEVELOPMENT_TEAM = T3CCJTUTJ5;
				ENABLE_PREVIEWS = YES;
				GENERATE_INFOPLIST_FILE = YES;
				INFOPLIST_FILE = "";
				INFOPLIST_KEY_CFBundleDisplayName = "Workout Tracker";
				"INFOPLIST_KEY_CFBundleDisplayName[sdk=*]" = "Workout Tracker";
				INFOPLIST_KEY_CFBundleURLTypes = "{\n    CFBundleTypeRole = Editor;\n    CFBundleURLName = \"garaged.org.workouttracker.deeplink\";\n    CFBundleURLSchemes =     (\n        workouttracker\n    );\n}";
				INFOPLIST_KEY_UIApplicationSceneManifest_Generation = YES;
				INFOPLIST_KEY_UIApplicationSupportsIndirectInputEvents = YES;
				INFOPLIST_KEY_UILaunchScreen_Generation = YES;
				INFOPLIST_KEY_UISupportedInterfaceOrientations_iPad = "UIInterfaceOrientationPortrait UIInterfaceOrientationPortraitUpsideDown UIInterfaceOrientationLandscapeLeft UIInterfaceOrientationLandscapeRight";
				INFOPLIST_KEY_UISupportedInterfaceOrientations_iPhone = "UIInterfaceOrientationPortrait UIInterfaceOrientationLandscapeLeft UIInterfaceOrientationLandscapeRight";
				LD_RUNPATH_SEARCH_PATHS = (
					"$(inherited)",
					"@executable_path/Frameworks",
				);
				MARKETING_VERSION = 2.1.0;
				PRODUCT_BUNDLE_IDENTIFIER = garaged.org.workouttracker;
				PRODUCT_NAME = "$(TARGET_NAME)";
				STRING_CATALOG_GENERATE_SYMBOLS = YES;
				SWIFT_APPROACHABLE_CONCURRENCY = YES;
				SWIFT_DEFAULT_ACTOR_ISOLATION = nonisolated;
				SWIFT_EMIT_LOC_STRINGS = YES;
				SWIFT_UPCOMING_FEATURE_MEMBER_IMPORT_VISIBILITY = YES;
				SWIFT_VERSION = 5.0;
				TARGETED_DEVICE_FAMILY = "1,2";
				"WARNING_CFLAGS[arch=*]" = (
					"-Wall",
					"-Wextra",
					"-Weverything",
				);
			};
			name = Debug;
		};
		35BA2D692F11D33300EEE02C /* Release */ = {
			isa = XCBuildConfiguration;
			buildSettings = {
				ASSETCATALOG_COMPILER_APPICON_NAME = AppIcon;
				ASSETCATALOG_COMPILER_GLOBAL_ACCENT_COLOR_NAME = AccentColor;
				ASSETCATALOG_COMPILER_INCLUDE_ALL_APPICON_ASSETS = YES;
				CODE_SIGN_ENTITLEMENTS = workouttracker/workouttracker.entitlements;
				CODE_SIGN_STYLE = Automatic;
				CURRENT_PROJECT_VERSION = 1;
				DEVELOPMENT_TEAM = T3CCJTUTJ5;
				ENABLE_PREVIEWS = YES;
				GENERATE_INFOPLIST_FILE = YES;
				INFOPLIST_FILE = "";
				INFOPLIST_KEY_CFBundleDisplayName = "Workout Tracker";
				"INFOPLIST_KEY_CFBundleDisplayName[sdk=*]" = "Workout Tracker";
				INFOPLIST_KEY_CFBundleURLTypes = "{\n    CFBundleTypeRole = Editor;\n    CFBundleURLName = \"garaged.org.workouttracker.deeplink\";\n    CFBundleURLSchemes =     (\n        workouttracker\n    );\n}";
				INFOPLIST_KEY_UIApplicationSceneManifest_Generation = YES;
				INFOPLIST_KEY_UIApplicationSupportsIndirectInputEvents = YES;
				INFOPLIST_KEY_UILaunchScreen_Generation = YES;
				INFOPLIST_KEY_UISupportedInterfaceOrientations_iPad = "UIInterfaceOrientationPortrait UIInterfaceOrientationPortraitUpsideDown UIInterfaceOrientationLandscapeLeft UIInterfaceOrientationLandscapeRight";
				INFOPLIST_KEY_UISupportedInterfaceOrientations_iPhone = "UIInterfaceOrientationPortrait UIInterfaceOrientationLandscapeLeft UIInterfaceOrientationLandscapeRight";
				LD_RUNPATH_SEARCH_PATHS = (
					"$(inherited)",
					"@executable_path/Frameworks",
				);
				MARKETING_VERSION = 2.1.0;
				PRODUCT_BUNDLE_IDENTIFIER = garaged.org.workouttracker;
				PRODUCT_NAME = "$(TARGET_NAME)";
				STRING_CATALOG_GENERATE_SYMBOLS = YES;
				SWIFT_APPROACHABLE_CONCURRENCY = YES;
				SWIFT_DEFAULT_ACTOR_ISOLATION = nonisolated;
				SWIFT_EMIT_LOC_STRINGS = YES;
				SWIFT_UPCOMING_FEATURE_MEMBER_IMPORT_VISIBILITY = YES;
				SWIFT_VERSION = 5.0;
				TARGETED_DEVICE_FAMILY = "1,2";
				"WARNING_CFLAGS[arch=*]" = (
					"-Wall",
					"-Wextra",
					"-Weverything",
				);
			};
			name = Release;
		};
		35BA2D6B2F11D33300EEE02C /* Debug */ = {
			isa = XCBuildConfiguration;
			buildSettings = {
				BUNDLE_LOADER = "$(TEST_HOST)";
				CODE_SIGN_STYLE = Automatic;
				CURRENT_PROJECT_VERSION = 1;
				GENERATE_INFOPLIST_FILE = YES;
				IPHONEOS_DEPLOYMENT_TARGET = 26.2;
				MARKETING_VERSION = 1.0;
				PRODUCT_BUNDLE_IDENTIFIER = garaged.org.workouttrackerTests;
				PRODUCT_NAME = "$(TARGET_NAME)";
				STRING_CATALOG_GENERATE_SYMBOLS = NO;
				SWIFT_APPROACHABLE_CONCURRENCY = YES;
				SWIFT_EMIT_LOC_STRINGS = NO;
				SWIFT_UPCOMING_FEATURE_MEMBER_IMPORT_VISIBILITY = YES;
				SWIFT_VERSION = 5.0;
				TARGETED_DEVICE_FAMILY = "1,2";
				TEST_HOST = "$(BUILT_PRODUCTS_DIR)/workouttracker.app/$(BUNDLE_EXECUTABLE_FOLDER_PATH)/workouttracker";
			};
			name = Debug;
		};
		35BA2D6C2F11D33300EEE02C /* Release */ = {
			isa = XCBuildConfiguration;
			buildSettings = {
				BUNDLE_LOADER = "$(TEST_HOST)";
				CODE_SIGN_STYLE = Automatic;
				CURRENT_PROJECT_VERSION = 1;
				GENERATE_INFOPLIST_FILE = YES;
				IPHONEOS_DEPLOYMENT_TARGET = 26.2;
				MARKETING_VERSION = 1.0;
				PRODUCT_BUNDLE_IDENTIFIER = garaged.org.workouttrackerTests;
				PRODUCT_NAME = "$(TARGET_NAME)";
				STRING_CATALOG_GENERATE_SYMBOLS = NO;
				SWIFT_APPROACHABLE_CONCURRENCY = YES;
				SWIFT_EMIT_LOC_STRINGS = NO;
				SWIFT_UPCOMING_FEATURE_MEMBER_IMPORT_VISIBILITY = YES;
				SWIFT_VERSION = 5.0;
				TARGETED_DEVICE_FAMILY = "1,2";
				TEST_HOST = "$(BUILT_PRODUCTS_DIR)/workouttracker.app/$(BUNDLE_EXECUTABLE_FOLDER_PATH)/workouttracker";
			};
			name = Release;
		};
		35BA2D6E2F11D33300EEE02C /* Debug */ = {
			isa = XCBuildConfiguration;
			buildSettings = {
				CODE_SIGN_STYLE = Automatic;
				CURRENT_PROJECT_VERSION = 1;
				GENERATE_INFOPLIST_FILE = YES;
				IPHONEOS_DEPLOYMENT_TARGET = 26.2;
				MARKETING_VERSION = 1.0;
				PRODUCT_BUNDLE_IDENTIFIER = garaged.org.workouttrackerUITests;
				PRODUCT_NAME = "$(TARGET_NAME)";
				STRING_CATALOG_GENERATE_SYMBOLS = NO;
				SWIFT_APPROACHABLE_CONCURRENCY = YES;
				SWIFT_EMIT_LOC_STRINGS = NO;
				SWIFT_UPCOMING_FEATURE_MEMBER_IMPORT_VISIBILITY = YES;
				SWIFT_VERSION = 5.0;
				TARGETED_DEVICE_FAMILY = "1,2";
				TEST_TARGET_NAME = workouttrackerUITestHost;
			};
			name = Debug;
		};
		35BA2D6F2F11D33300EEE02C /* Release */ = {
			isa = XCBuildConfiguration;
			buildSettings = {
				CODE_SIGN_STYLE = Automatic;
				CURRENT_PROJECT_VERSION = 1;
				GENERATE_INFOPLIST_FILE = YES;
				IPHONEOS_DEPLOYMENT_TARGET = 26.2;
				MARKETING_VERSION = 1.0;
				PRODUCT_BUNDLE_IDENTIFIER = garaged.org.workouttrackerUITests;
				PRODUCT_NAME = "$(TARGET_NAME)";
				STRING_CATALOG_GENERATE_SYMBOLS = NO;
				SWIFT_APPROACHABLE_CONCURRENCY = YES;
				SWIFT_EMIT_LOC_STRINGS = NO;
				SWIFT_UPCOMING_FEATURE_MEMBER_IMPORT_VISIBILITY = YES;
				SWIFT_VERSION = 5.0;
				TARGETED_DEVICE_FAMILY = "1,2";
				TEST_TARGET_NAME = workouttrackerUITestHost;
			};
			name = Release;
		};
		35D84BA62F3C2BD0000BEFC0 /* Debug */ = {
			isa = XCBuildConfiguration;
			buildSettings = {
				ASSETCATALOG_COMPILER_APPICON_NAME = AppIcon;
				ASSETCATALOG_COMPILER_GLOBAL_ACCENT_COLOR_NAME = AccentColor;
				CODE_SIGN_STYLE = Automatic;
				CURRENT_PROJECT_VERSION = 1;
				DEBUG_INFORMATION_FORMAT = dwarf;
				DEVELOPMENT_TEAM = T3CCJTUTJ5;
				ENABLE_PREVIEWS = YES;
				GENERATE_INFOPLIST_FILE = YES;
				INFOPLIST_FILE = workouttrackerUITestHost/Info.plist;
				INFOPLIST_KEY_CFBundleURLTypes = "{\n    CFBundleTypeRole = Editor;\n    CFBundleURLName = \"garaged.org.workouttracker.deeplink\";\n    CFBundleURLSchemes =     (\n        workouttracker\n    );\n}";
				INFOPLIST_KEY_UIApplicationSceneManifest_Generation = YES;
				INFOPLIST_KEY_UIApplicationSupportsIndirectInputEvents = YES;
				INFOPLIST_KEY_UILaunchScreen_Generation = YES;
				INFOPLIST_KEY_UISupportedInterfaceOrientations_iPad = "UIInterfaceOrientationPortrait UIInterfaceOrientationPortraitUpsideDown UIInterfaceOrientationLandscapeLeft UIInterfaceOrientationLandscapeRight";
				INFOPLIST_KEY_UISupportedInterfaceOrientations_iPhone = "UIInterfaceOrientationPortrait UIInterfaceOrientationLandscapeLeft UIInterfaceOrientationLandscapeRight";
				IPHONEOS_DEPLOYMENT_TARGET = 26.2;
				LD_RUNPATH_SEARCH_PATHS = (
					"$(inherited)",
					"@executable_path/Frameworks",
				);
				MARKETING_VERSION = 2.1.0;
				PRODUCT_BUNDLE_IDENTIFIER = com.garaged.workouttracker;
				PRODUCT_NAME = "$(TARGET_NAME)";
				STRING_CATALOG_GENERATE_SYMBOLS = YES;
				SWIFT_APPROACHABLE_CONCURRENCY = YES;
				SWIFT_DEFAULT_ACTOR_ISOLATION = nonisolated;
				SWIFT_EMIT_LOC_STRINGS = YES;
				SWIFT_UPCOMING_FEATURE_MEMBER_IMPORT_VISIBILITY = YES;
				SWIFT_VERSION = 5.0;
				TARGETED_DEVICE_FAMILY = "1,2";
			};
			name = Debug;
		};
		35D84BA72F3C2BD0000BEFC0 /* Release */ = {
			isa = XCBuildConfiguration;
			buildSettings = {
				ASSETCATALOG_COMPILER_APPICON_NAME = AppIcon;
				ASSETCATALOG_COMPILER_GLOBAL_ACCENT_COLOR_NAME = AccentColor;
				CODE_SIGN_STYLE = Automatic;
				CURRENT_PROJECT_VERSION = 1;
				DEVELOPMENT_TEAM = T3CCJTUTJ5;
				ENABLE_PREVIEWS = YES;
				GENERATE_INFOPLIST_FILE = YES;
				INFOPLIST_FILE = workouttrackerUITestHost/Info.plist;
				INFOPLIST_KEY_CFBundleURLTypes = "{\n    CFBundleTypeRole = Editor;\n    CFBundleURLName = \"garaged.org.workouttracker.deeplink\";\n    CFBundleURLSchemes =     (\n        workouttracker\n    );\n}";
				INFOPLIST_KEY_UIApplicationSceneManifest_Generation = YES;
				INFOPLIST_KEY_UIApplicationSupportsIndirectInputEvents = YES;
				INFOPLIST_KEY_UILaunchScreen_Generation = YES;
				INFOPLIST_KEY_UISupportedInterfaceOrientations_iPad = "UIInterfaceOrientationPortrait UIInterfaceOrientationPortraitUpsideDown UIInterfaceOrientationLandscapeLeft UIInterfaceOrientationLandscapeRight";
				INFOPLIST_KEY_UISupportedInterfaceOrientations_iPhone = "UIInterfaceOrientationPortrait UIInterfaceOrientationLandscapeLeft UIInterfaceOrientationLandscapeRight";
				IPHONEOS_DEPLOYMENT_TARGET = 26.2;
				LD_RUNPATH_SEARCH_PATHS = (
					"$(inherited)",
					"@executable_path/Frameworks",
				);
				MARKETING_VERSION = 2.1.0;
				PRODUCT_BUNDLE_IDENTIFIER = com.garaged.workouttracker;
				PRODUCT_NAME = "$(TARGET_NAME)";
				STRING_CATALOG_GENERATE_SYMBOLS = YES;
				SWIFT_APPROACHABLE_CONCURRENCY = YES;
				SWIFT_DEFAULT_ACTOR_ISOLATION = nonisolated;
				SWIFT_EMIT_LOC_STRINGS = YES;
				SWIFT_UPCOMING_FEATURE_MEMBER_IMPORT_VISIBILITY = YES;
				SWIFT_VERSION = 5.0;
				TARGETED_DEVICE_FAMILY = "1,2";
			};
			name = Release;
		};
		36A0A0092F90000100AAA001 /* Debug */ = {
			isa = XCBuildConfiguration;
			buildSettings = {
				APPLICATION_EXTENSION_API_ONLY = YES;
				CODE_SIGN_ENTITLEMENTS = workouttrackerWidgets/workouttrackerWidgets.entitlements;
				CODE_SIGN_STYLE = Automatic;
				CURRENT_PROJECT_VERSION = 1;
				DEVELOPMENT_TEAM = T3CCJTUTJ5;
				ENABLE_PREVIEWS = YES;
				GENERATE_INFOPLIST_FILE = NO;
				INFOPLIST_FILE = workouttrackerWidgets/Info.plist;
				INFOPLIST_KEY_CFBundleDisplayName = "";
				IPHONEOS_DEPLOYMENT_TARGET = 26.2;
				LD_RUNPATH_SEARCH_PATHS = (
					"$(inherited)",
					"@executable_path/Frameworks",
					"@executable_path/../../Frameworks",
				);
				MARKETING_VERSION = 2.1.0;
				PRODUCT_BUNDLE_IDENTIFIER = garaged.org.workouttracker.widgets;
				PRODUCT_NAME = "$(TARGET_NAME)";
				SKIP_INSTALL = YES;
				STRING_CATALOG_GENERATE_SYMBOLS = YES;
				SWIFT_APPROACHABLE_CONCURRENCY = YES;
				SWIFT_DEFAULT_ACTOR_ISOLATION = nonisolated;
				SWIFT_EMIT_LOC_STRINGS = YES;
				SWIFT_UPCOMING_FEATURE_MEMBER_IMPORT_VISIBILITY = YES;
				SWIFT_VERSION = 5.0;
				TARGETED_DEVICE_FAMILY = "1,2";
			};
			name = Debug;
		};
		36A0A00A2F90000100AAA001 /* Release */ = {
			isa = XCBuildConfiguration;
			buildSettings = {
				APPLICATION_EXTENSION_API_ONLY = YES;
				CODE_SIGN_ENTITLEMENTS = workouttrackerWidgets/workouttrackerWidgets.entitlements;
				CODE_SIGN_STYLE = Automatic;
				CURRENT_PROJECT_VERSION = 1;
				DEVELOPMENT_TEAM = T3CCJTUTJ5;
				ENABLE_PREVIEWS = YES;
				GENERATE_INFOPLIST_FILE = NO;
				INFOPLIST_FILE = workouttrackerWidgets/Info.plist;
				INFOPLIST_KEY_CFBundleDisplayName = "";
				IPHONEOS_DEPLOYMENT_TARGET = 26.2;
				LD_RUNPATH_SEARCH_PATHS = (
					"$(inherited)",
					"@executable_path/Frameworks",
					"@executable_path/../../Frameworks",
				);
				MARKETING_VERSION = 2.1.0;
				PRODUCT_BUNDLE_IDENTIFIER = garaged.org.workouttracker.widgets;
				PRODUCT_NAME = "$(TARGET_NAME)";
				SKIP_INSTALL = YES;
				STRING_CATALOG_GENERATE_SYMBOLS = YES;
				SWIFT_APPROACHABLE_CONCURRENCY = YES;
				SWIFT_DEFAULT_ACTOR_ISOLATION = nonisolated;
				SWIFT_EMIT_LOC_STRINGS = YES;
				SWIFT_UPCOMING_FEATURE_MEMBER_IMPORT_VISIBILITY = YES;
				SWIFT_VERSION = 5.0;
				TARGETED_DEVICE_FAMILY = "1,2";
			};
			name = Release;
		};
/* End XCBuildConfiguration section */

/* Begin XCConfigurationList section */
		35A4C0852F5E174900F30117 /* Build configuration list for PBXNativeTarget "watchkitapp Watch App" */ = {
			isa = XCConfigurationList;
			buildConfigurations = (
				35A4C0862F5E174900F30117 /* Debug */,
				35A4C0872F5E174900F30117 /* Release */,
			);
			defaultConfigurationIsVisible = 0;
			defaultConfigurationName = Release;
		};
		35BA2D3F2F11D33200EEE02C /* Build configuration list for PBXProject "workouttracker" */ = {
			isa = XCConfigurationList;
			buildConfigurations = (
				35BA2D652F11D33300EEE02C /* Debug */,
				35BA2D662F11D33300EEE02C /* Release */,
			);
			defaultConfigurationIsVisible = 0;
			defaultConfigurationName = Release;
		};
		35BA2D672F11D33300EEE02C /* Build configuration list for PBXNativeTarget "workouttracker" */ = {
			isa = XCConfigurationList;
			buildConfigurations = (
				35BA2D682F11D33300EEE02C /* Debug */,
				35BA2D692F11D33300EEE02C /* Release */,
			);
			defaultConfigurationIsVisible = 0;
			defaultConfigurationName = Release;
		};
		35BA2D6A2F11D33300EEE02C /* Build configuration list for PBXNativeTarget "workouttrackerTests" */ = {
			isa = XCConfigurationList;
			buildConfigurations = (
				35BA2D6B2F11D33300EEE02C /* Debug */,
				35BA2D6C2F11D33300EEE02C /* Release */,
			);
			defaultConfigurationIsVisible = 0;
			defaultConfigurationName = Release;
		};
		35BA2D6D2F11D33300EEE02C /* Build configuration list for PBXNativeTarget "workouttrackerUITests" */ = {
			isa = XCConfigurationList;
			buildConfigurations = (
				35BA2D6E2F11D33300EEE02C /* Debug */,
				35BA2D6F2F11D33300EEE02C /* Release */,
			);
			defaultConfigurationIsVisible = 0;
			defaultConfigurationName = Release;
		};
		35D84BA52F3C2BD0000BEFC0 /* Build configuration list for PBXNativeTarget "workouttrackerUITestHost" */ = {
			isa = XCConfigurationList;
			buildConfigurations = (
				35D84BA62F3C2BD0000BEFC0 /* Debug */,
				35D84BA72F3C2BD0000BEFC0 /* Release */,
			);
			defaultConfigurationIsVisible = 0;
			defaultConfigurationName = Release;
		};
		36A0A00B2F90000100AAA001 /* Build configuration list for PBXNativeTarget "workouttrackerWidgets" */ = {
			isa = XCConfigurationList;
			buildConfigurations = (
				36A0A0092F90000100AAA001 /* Debug */,
				36A0A00A2F90000100AAA001 /* Release */,
			);
			defaultConfigurationIsVisible = 0;
			defaultConfigurationName = Release;
		};
/* End XCConfigurationList section */

/* Begin XCRemoteSwiftPackageReference section */
		35D849C32F2F239B000BEFC0 /* XCRemoteSwiftPackageReference "ZIPFoundation" */ = {
			isa = XCRemoteSwiftPackageReference;
			repositoryURL = "https://github.com/weichsel/ZIPFoundation";
			requirement = {
				kind = upToNextMajorVersion;
				minimumVersion = 0.9.20;
			};
		};
/* End XCRemoteSwiftPackageReference section */

/* Begin XCSwiftPackageProductDependency section */
		3528FBE02F722D600076B574 /* ZIPFoundation */ = {
			isa = XCSwiftPackageProductDependency;
			package = 35D849C32F2F239B000BEFC0 /* XCRemoteSwiftPackageReference "ZIPFoundation" */;
			productName = ZIPFoundation;
		};
		35F8F9892F721A71001EFDC1 /* ZIPFoundation */ = {
			isa = XCSwiftPackageProductDependency;
			package = 35D849C32F2F239B000BEFC0 /* XCRemoteSwiftPackageReference "ZIPFoundation" */;
			productName = ZIPFoundation;
		};
		35F8F98B2F721A87001EFDC1 /* ZIPFoundation */ = {
			isa = XCSwiftPackageProductDependency;
			package = 35D849C32F2F239B000BEFC0 /* XCRemoteSwiftPackageReference "ZIPFoundation" */;
			productName = ZIPFoundation;
		};
/* End XCSwiftPackageProductDependency section */
	};
	rootObject = 35BA2D3C2F11D33200EEE02C /* Project object */;
}
